{
    "version": 3,
    "terraform_version": "0.9.3",
    "serial": 16,
    "lineage": "7b0dcb6b-2a5f-4648-8a32-20fb95cf79d5",
    "modules": [
        {
            "path": [
                "root"
            ],
            "outputs": {},
            "resources": {
                "aws_key_pair.juanAwsApp-key": {
                    "type": "aws_key_pair",
                    "depends_on": [],
                    "primary": {
                        "id": "juanAwsApp-key",
                        "attributes": {
                            "fingerprint": "10:2c:64:c0:01:1b:9a:6e:76:3a:b8:d2:43:8e:12:5b",
                            "id": "juanAwsApp-key",
                            "key_name": "juanAwsApp-key",
                            "public_key": "ssh-rsa AAAAB3NzaC1yc2EAAAADAQABAAABAQDEhT179T37V1IcbDB8iWIPfYbB1ljg5E20LY2EXujKWVIOQLpBgcqqEC9cZKTdhHg9wH65AfKPg17OLhGzIgc+p7sue7oqI7dnXtWlsy9VQ34VoK/IpvZGmQf4vG/80RBAi93IjcFVlHzjCcAVwvq3boEoCLeHoDA3tYToOlrjrpLYEehuyqNlTbMbDPbw1KfnRm3E6eDN6F4otP70JM+FwbrxazLfHV7eCXWBWRx01yoQcjttv/zSz4TnIPMriO8NsMglg9WLs6t1O0BywZU3r/sOTlBTLTzjmAmlQdJowivtzedYz3TSpqcW1wwYC862tbwB1yRYrE+YAjta2BQH juan.ortega-contreras@capgemini.com"
                        },
                        "meta": {
                            "schema_version": "1"
                        },
                        "tainted": false
                    },
                    "deposed": [],
                    "provider": ""
                }
            },
            "depends_on": []
        },
        {
            "path": [
                "root",
                "aws-instace"
            ],
            "outputs": {},
            "resources": {},
            "depends_on": []
        },
        {
            "path": [
                "root",
                "aws-instance"
            ],
            "outputs": {},
            "resources": {
                "aws_instance.ec2juan": {
                    "type": "aws_instance",
                    "depends_on": [],
                    "primary": {
                        "id": "i-061483e987ed0b6ef",
                        "attributes": {
                            "ami": "ami-80861296",
                            "associate_public_ip_address": "true",
                            "availability_zone": "us-east-1a",
                            "disable_api_termination": "false",
                            "ebs_block_device.#": "0",
                            "ebs_optimized": "false",
                            "ephemeral_block_device.#": "0",
                            "iam_instance_profile": "",
                            "id": "i-061483e987ed0b6ef",
                            "instance_state": "running",
                            "instance_type": "t2.micro",
                            "ipv6_address_count": "0",
                            "ipv6_addresses.#": "0",
                            "key_name": "juanAwsApp-key",
                            "monitoring": "false",
                            "network_interface_id": "eni-931d6577",
                            "private_dns": "ip-10-100-10-240.ec2.internal",
                            "private_ip": "10.100.10.240",
                            "public_dns": "ec2-52-87-172-48.compute-1.amazonaws.com",
                            "public_ip": "52.87.172.48",
                            "root_block_device.#": "1",
                            "root_block_device.0.delete_on_termination": "true",
                            "root_block_device.0.iops": "100",
                            "root_block_device.0.volume_size": "8",
                            "root_block_device.0.volume_type": "gp2",
                            "security_groups.#": "0",
                            "source_dest_check": "true",
                            "subnet_id": "subnet-fa2691b2",
                            "tags.%": "1",
                            "tags.Name": "juanAwsApp-subnet-fa2691b2",
                            "tenancy": "default",
                            "vpc_security_group_ids.#": "1",
                            "vpc_security_group_ids.2843340913": "sg-0de35a73"
                        },
                        "meta": {
                            "schema_version": "1"
                        },
                        "tainted": true
                    },
                    "deposed": [],
                    "provider": ""
                },
                "aws_instance.ec2juan.0": {
                    "type": "aws_instance",
                    "depends_on": [],
                    "primary": {
                        "id": "i-0f8f61129ee6aec4d",
                        "attributes": {
                            "ami": "ami-80861296",
                            "associate_public_ip_address": "true",
                            "availability_zone": "us-east-1a",
                            "disable_api_termination": "false",
                            "ebs_block_device.#": "0",
                            "ebs_optimized": "false",
                            "ephemeral_block_device.#": "0",
                            "iam_instance_profile": "",
                            "id": "i-0f8f61129ee6aec4d",
                            "instance_state": "running",
                            "instance_type": "t2.micro",
                            "ipv6_address_count": "0",
                            "ipv6_addresses.#": "0",
                            "key_name": "juanAwsApp-key",
                            "monitoring": "false",
                            "network_interface_id": "eni-4a037bae",
                            "private_dns": "ip-10-100-10-199.ec2.internal",
                            "private_ip": "10.100.10.199",
                            "public_dns": "ec2-54-85-150-107.compute-1.amazonaws.com",
                            "public_ip": "54.85.150.107",
                            "root_block_device.#": "1",
                            "root_block_device.0.delete_on_termination": "true",
                            "root_block_device.0.iops": "100",
                            "root_block_device.0.volume_size": "8",
                            "root_block_device.0.volume_type": "gp2",
                            "security_groups.#": "0",
                            "source_dest_check": "true",
                            "subnet_id": "subnet-fa2691b2",
                            "tags.%": "1",
                            "tags.Name": "juanAwsApp-subnet-fa2691b2",
                            "tenancy": "default",
                            "vpc_security_group_ids.#": "1",
                            "vpc_security_group_ids.2843340913": "sg-0de35a73"
                        },
                        "meta": {
                            "schema_version": "1"
                        },
                        "tainted": false
                    },
                    "deposed": [],
                    "provider": ""
                },
                "aws_instance.ec2juan.1": {
                    "type": "aws_instance",
                    "depends_on": [],
                    "primary": {
                        "id": "i-0bc21fb667471ac92",
                        "attributes": {
                            "ami": "ami-80861296",
                            "associate_public_ip_address": "true",
                            "availability_zone": "us-east-1b",
                            "disable_api_termination": "false",
                            "ebs_block_device.#": "0",
                            "ebs_optimized": "false",
                            "ephemeral_block_device.#": "0",
                            "iam_instance_profile": "",
                            "id": "i-0bc21fb667471ac92",
                            "instance_state": "running",
                            "instance_type": "t2.micro",
                            "ipv6_address_count": "0",
                            "ipv6_addresses.#": "0",
                            "key_name": "juanAwsApp-key",
                            "monitoring": "false",
                            "network_interface_id": "eni-3344b2e8",
                            "private_dns": "ip-10-100-20-199.ec2.internal",
                            "private_ip": "10.100.20.199",
                            "public_dns": "ec2-184-73-141-79.compute-1.amazonaws.com",
                            "public_ip": "184.73.141.79",
                            "root_block_device.#": "1",
                            "root_block_device.0.delete_on_termination": "true",
                            "root_block_device.0.iops": "100",
                            "root_block_device.0.volume_size": "8",
                            "root_block_device.0.volume_type": "gp2",
                            "security_groups.#": "0",
                            "source_dest_check": "true",
                            "subnet_id": "subnet-f444b4ae",
                            "tags.%": "1",
                            "tags.Name": "juanAwsApp-subnet-f444b4ae",
                            "tenancy": "default",
                            "vpc_security_group_ids.#": "1",
                            "vpc_security_group_ids.2843340913": "sg-0de35a73"
                        },
                        "meta": {
                            "schema_version": "1"
                        },
                        "tainted": false
                    },
                    "deposed": [],
                    "provider": ""
                }
            },
            "depends_on": []
        },
        {
            "path": [
                "root",
                "network"
            ],
            "outputs": {
                "security_group_id": {
                    "sensitive": false,
                    "type": "string",
                    "value": "sg-0de35a73"
                },
                "subnets_id": {
                    "sensitive": false,
                    "type": "string",
                    "value": "subnet-fa2691b2,subnet-f444b4ae"
                },
                "vpc_cidr": {
                    "sensitive": false,
                    "type": "string",
                    "value": "10.100.0.0/16"
                },
                "vpc_id": {
                    "sensitive": false,
                    "type": "string",
                    "value": "vpc-f4e9008d"
                }
            },
            "resources": {},
            "depends_on": []
        },
        {
            "path": [
                "root",
                "network",
                "security_group"
            ],
            "outputs": {
                "security_group_id": {
                    "sensitive": false,
                    "type": "string",
                    "value": "sg-0de35a73"
                }
            },
            "resources": {
                "aws_security_group.web": {
                    "type": "aws_security_group",
                    "depends_on": [],
                    "primary": {
                        "id": "sg-0de35a73",
                        "attributes": {
                            "description": "juanAwsApp-security_group firewall for the web server.",
                            "egress.#": "1",
                            "egress.482069346.cidr_blocks.#": "1",
                            "egress.482069346.cidr_blocks.0": "0.0.0.0/0",
                            "egress.482069346.from_port": "0",
                            "egress.482069346.ipv6_cidr_blocks.#": "0",
                            "egress.482069346.prefix_list_ids.#": "0",
                            "egress.482069346.protocol": "-1",
                            "egress.482069346.security_groups.#": "0",
                            "egress.482069346.self": "false",
                            "egress.482069346.to_port": "0",
                            "id": "sg-0de35a73",
                            "ingress.#": "3",
                            "ingress.2541437006.cidr_blocks.#": "1",
                            "ingress.2541437006.cidr_blocks.0": "0.0.0.0/0",
                            "ingress.2541437006.from_port": "22",
                            "ingress.2541437006.ipv6_cidr_blocks.#": "0",
                            "ingress.2541437006.protocol": "tcp",
                            "ingress.2541437006.security_groups.#": "0",
                            "ingress.2541437006.self": "false",
                            "ingress.2541437006.to_port": "22",
                            "ingress.491532688.cidr_blocks.#": "1",
                            "ingress.491532688.cidr_blocks.0": "0.0.0.0/0",
                            "ingress.491532688.from_port": "8484",
                            "ingress.491532688.ipv6_cidr_blocks.#": "0",
                            "ingress.491532688.protocol": "tcp",
                            "ingress.491532688.security_groups.#": "0",
                            "ingress.491532688.self": "false",
                            "ingress.491532688.to_port": "8484",
                            "ingress.516175195.cidr_blocks.#": "1",
                            "ingress.516175195.cidr_blocks.0": "0.0.0.0/0",
                            "ingress.516175195.from_port": "8080",
                            "ingress.516175195.ipv6_cidr_blocks.#": "0",
                            "ingress.516175195.protocol": "tcp",
                            "ingress.516175195.security_groups.#": "0",
                            "ingress.516175195.self": "false",
                            "ingress.516175195.to_port": "8080",
                            "name": "juanAwsApp-security_group",
                            "owner_id": "481807661051",
                            "tags.%": "0",
                            "vpc_id": "vpc-f4e9008d"
                        },
                        "meta": {},
                        "tainted": false
                    },
                    "deposed": [],
                    "provider": ""
                }
            },
            "depends_on": []
        },
        {
            "path": [
                "root",
                "network",
                "subnets"
            ],
            "outputs": {
                "subnets_id": {
                    "sensitive": false,
                    "type": "string",
                    "value": "subnet-fa2691b2,subnet-f444b4ae"
                }
            },
            "resources": {
                "aws_subnet.subnet.0": {
                    "type": "aws_subnet",
                    "depends_on": [],
                    "primary": {
                        "id": "subnet-fa2691b2",
                        "attributes": {
                            "assign_ipv6_address_on_creation": "false",
                            "availability_zone": "us-east-1a",
                            "cidr_block": "10.100.10.0/24",
                            "id": "subnet-fa2691b2",
                            "map_public_ip_on_launch": "true",
                            "tags.%": "1",
                            "tags.Name": "juanAwsApp-subnet.us-east-1a",
                            "vpc_id": "vpc-f4e9008d"
                        },
                        "meta": {},
                        "tainted": false
                    },
                    "deposed": [],
                    "provider": ""
                },
                "aws_subnet.subnet.1": {
                    "type": "aws_subnet",
                    "depends_on": [],
                    "primary": {
                        "id": "subnet-f444b4ae",
                        "attributes": {
                            "assign_ipv6_address_on_creation": "false",
                            "availability_zone": "us-east-1b",
                            "cidr_block": "10.100.20.0/24",
                            "id": "subnet-f444b4ae",
                            "map_public_ip_on_launch": "true",
                            "tags.%": "1",
                            "tags.Name": "juanAwsApp-subnet.us-east-1b",
                            "vpc_id": "vpc-f4e9008d"
                        },
                        "meta": {},
                        "tainted": false
                    },
                    "deposed": [],
                    "provider": ""
                }
            },
            "depends_on": []
        },
        {
            "path": [
                "root",
                "network",
                "vpc"
            ],
            "outputs": {
                "vpc_cidr": {
                    "sensitive": false,
                    "type": "string",
                    "value": "10.100.0.0/16"
                },
                "vpc_id": {
                    "sensitive": false,
                    "type": "string",
                    "value": "vpc-f4e9008d"
                }
            },
            "resources": {
                "aws_vpc.vpc": {
                    "type": "aws_vpc",
                    "depends_on": [],
                    "primary": {
                        "id": "vpc-f4e9008d",
                        "attributes": {
                            "assign_generated_ipv6_cidr_block": "false",
                            "cidr_block": "10.100.0.0/16",
                            "default_network_acl_id": "acl-bc38b5c5",
                            "default_route_table_id": "rtb-61b57419",
                            "default_security_group_id": "sg-3355ea4d",
                            "dhcp_options_id": "dopt-5bdbb33c",
                            "enable_classiclink": "false",
                            "enable_dns_hostnames": "true",
                            "enable_dns_support": "true",
                            "id": "vpc-f4e9008d",
                            "instance_tenancy": "default",
                            "main_route_table_id": "rtb-61b57419",
                            "tags.%": "1",
                            "tags.Name": "juanAwsApp-vpc"
                        },
                        "meta": {
                            "schema_version": "1"
                        },
                        "tainted": false
                    },
                    "deposed": [],
                    "provider": ""
                }
            },
            "depends_on": []
        }
    ]
}
